
Microsoft Visual Studio Solution File, Format Version 12.00
# Visual Studio Version 17
VisualStudioVersion = 17.14.36414.22 d17.14
MinimumVisualStudioVersion = 10.0.40219.1
Project("{FAE04EC0-301F-11D3-BF4B-00C04F79EFBC}") = "TSN.UtilitiesLibrary", "TSN.UtilitiesLibrary\TSN.UtilitiesLibrary.csproj", "{2C04CE8C-5774-466A-9A41-3C1AF4B8FFA2}"
EndProject
Global
	GlobalSection(SolutionConfigurationPlatforms) = preSolution
		Debug|Any CPU = Debug|Any CPU
		Release|Any CPU = Release|Any CPU
	EndGlobalSection
	GlobalSection(ProjectConfigurationPlatforms) = postSolution
		{2C04CE8C-5774-466A-9A41-3C1AF4B8FFA2}.Debug|Any CPU.ActiveCfg = Debug|Any CPU
		{2C04CE8C-5774-466A-9A41-3C1AF4B8FFA2}.Debug|Any CPU.Build.0 = Debug|Any CPU
		{2C04CE8C-5774-466A-9A41-3C1AF4B8FFA2}.Release|Any CPU.ActiveCfg = Release|Any CPU
		{2C04CE8C-5774-466A-9A41-3C1AF4B8FFA2}.Release|Any CPU.Build.0 = Release|Any CPU
	EndGlobalSection
	GlobalSection(SolutionProperties) = preSolution
		HideSolutionNode = FALSE
	EndGlobalSection
	GlobalSection(ExtensibilityGlobals) = postSolution
		SolutionGuid = {2B39984A-5B25-4C30-9E53-E097963D51C4}
	EndGlobalSection
EndGlobal
